PODS:
  - camera_avfoundation (0.0.1):
    - Flutter
  - Flutter (1.0.0)
  - universal_ble (0.0.1):
    - Flutter
    - FlutterMacOS

DEPENDENCIES:
  - camera_avfoundation (from `.symlinks/plugins/camera_avfoundation/ios`)
  - Flutter (from `Flutter`)
  - universal_ble (from `.symlinks/plugins/universal_ble/darwin`)

EXTERNAL SOURCES:
  camera_avfoundation:
    :path: ".symlinks/plugins/camera_avfoundation/ios"
  Flutter:
    :path: Flutter
  universal_ble:
    :path: ".symlinks/plugins/universal_ble/darwin"

SPEC CHECKSUMS:
  camera_avfoundation: 769d252259fa21e39ada7399c9dc9c0921af8165
  Flutter: cabc95a1d2626b1b06e7179b784ebcf0c0cde467
  universal_ble: 65e1257dffc557cc7991a93d253beeddc7c1dc92

PODFILE CHECKSUM: c33abd8fc4aa606784d95f916f04450c9ecac5a5

COCOAPODS: 1.16.2
